// !$*UTF8*$!
{
	archiveVersion = 1;
	classes = {
	};
	objectVersion = 55;
	objects = {

/* Begin PBXBuildFile section */
		57A213B927FC7C0100B42059 /* SceneDelegate.swift in Sources */ = {isa = PBXBuildFile; fileRef = 57A213B827FC7C0100B42059 /* SceneDelegate.swift */; };
		57A213BB27FC7C0100B42059 /* ViewController.swift in Sources */ = {isa = PBXBuildFile; fileRef = 57A213BA27FC7C0100B42059 /* ViewController.swift */; };
		57A213BE27FC7C0100B42059 /* Main.storyboard in Resources */ = {isa = PBXBuildFile; fileRef = 57A213BC27FC7C0100B42059 /* Main.storyboard */; };
		57A213C027FC7C0600B42059 /* Assets.xcassets in Resources */ = {isa = PBXBuildFile; fileRef = 57A213BF27FC7C0600B42059 /* Assets.xcassets */; };
		57A213C327FC7C0600B42059 /* LaunchScreen.storyboard in Resources */ = {isa = PBXBuildFile; fileRef = 57A213C127FC7C0600B42059 /* LaunchScreen.storyboard */; };
		57A2140827FC7C3B00B42059 /* NetworkService.swift in Sources */ = {isa = PBXBuildFile; fileRef = 57A213CE27FC7C3B00B42059 /* NetworkService.swift */; };
		57A2140927FC7C3B00B42059 /* Settings.swift in Sources */ = {isa = PBXBuildFile; fileRef = 57A213CF27FC7C3B00B42059 /* Settings.swift */; };
		57A2140A27FC7C3B00B42059 /* PresentPresenter.swift in Sources */ = {isa = PBXBuildFile; fileRef = 57A213D227FC7C3B00B42059 /* PresentPresenter.swift */; };
		57A2140B27FC7C3B00B42059 /* PresentView.swift in Sources */ = {isa = PBXBuildFile; fileRef = 57A213D327FC7C3B00B42059 /* PresentView.swift */; };
		57A2140C27FC7C3B00B42059 /* AuthPresenter.swift in Sources */ = {isa = PBXBuildFile; fileRef = 57A213D527FC7C3B00B42059 /* AuthPresenter.swift */; };
		57A2140D27FC7C3B00B42059 /* AuthView.swift in Sources */ = {isa = PBXBuildFile; fileRef = 57A213D627FC7C3B00B42059 /* AuthView.swift */; };
		57A2140E27FC7C3B00B42059 /* ProfilePresenter.swift in Sources */ = {isa = PBXBuildFile; fileRef = 57A213D827FC7C3B00B42059 /* ProfilePresenter.swift */; };
		57A2140F27FC7C3B00B42059 /* ProfileView.swift in Sources */ = {isa = PBXBuildFile; fileRef = 57A213D927FC7C3B00B42059 /* ProfileView.swift */; };
		57A2141027FC7C3B00B42059 /* MyNotificationsPresenter.swift in Sources */ = {isa = PBXBuildFile; fileRef = 57A213DB27FC7C3B00B42059 /* MyNotificationsPresenter.swift */; };
		57A2141127FC7C3B00B42059 /* MyNotificationsView.swift in Sources */ = {isa = PBXBuildFile; fileRef = 57A213DC27FC7C3B00B42059 /* MyNotificationsView.swift */; };
		57A2141227FC7C3B00B42059 /* EmployeeView.swift in Sources */ = {isa = PBXBuildFile; fileRef = 57A213DE27FC7C3B00B42059 /* EmployeeView.swift */; };
		57A2141327FC7C3B00B42059 /* EmployeePresenter.swift in Sources */ = {isa = PBXBuildFile; fileRef = 57A213DF27FC7C3B00B42059 /* EmployeePresenter.swift */; };
		57A2141427FC7C3B00B42059 /* WishlistPresenter.swift in Sources */ = {isa = PBXBuildFile; fileRef = 57A213E127FC7C3B00B42059 /* WishlistPresenter.swift */; };
		57A2141527FC7C3B00B42059 /* WishlistView.swift in Sources */ = {isa = PBXBuildFile; fileRef = 57A213E227FC7C3B00B42059 /* WishlistView.swift */; };
		57A2141627FC7C3B00B42059 /* AppDelegate.swift in Sources */ = {isa = PBXBuildFile; fileRef = 57A213E327FC7C3B00B42059 /* AppDelegate.swift */; };
		57A2141727FC7C3B00B42059 /* WishlistServiceImpl.swift in Sources */ = {isa = PBXBuildFile; fileRef = 57A213E627FC7C3B00B42059 /* WishlistServiceImpl.swift */; };
		57A2141827FC7C3B00B42059 /* WishlistService.swift in Sources */ = {isa = PBXBuildFile; fileRef = 57A213E727FC7C3B00B42059 /* WishlistService.swift */; };
		57A2141927FC7C3B00B42059 /* Wishlist.swift in Sources */ = {isa = PBXBuildFile; fileRef = 57A213E927FC7C3B00B42059 /* Wishlist.swift */; };
		57A2141A27FC7C3B00B42059 /* ProjectService.swift in Sources */ = {isa = PBXBuildFile; fileRef = 57A213EB27FC7C3B00B42059 /* ProjectService.swift */; };
		57A2141B27FC7C3B00B42059 /* ProjectServiceImpl.swift in Sources */ = {isa = PBXBuildFile; fileRef = 57A213EC27FC7C3B00B42059 /* ProjectServiceImpl.swift */; };
		57A2141C27FC7C3B00B42059 /* Project.swift in Sources */ = {isa = PBXBuildFile; fileRef = 57A213EE27FC7C3B00B42059 /* Project.swift */; };
		57A2141D27FC7C3B00B42059 /* MyNotificationsServiceImpl.swift in Sources */ = {isa = PBXBuildFile; fileRef = 57A213F027FC7C3B00B42059 /* MyNotificationsServiceImpl.swift */; };
		57A2141E27FC7C3B00B42059 /* MyNotifications.swift in Sources */ = {isa = PBXBuildFile; fileRef = 57A213F227FC7C3B00B42059 /* MyNotifications.swift */; };
		57A2141F27FC7C3B00B42059 /* MyNotificationsService.swift in Sources */ = {isa = PBXBuildFile; fileRef = 57A213F327FC7C3B00B42059 /* MyNotificationsService.swift */; };
		57A2142027FC7C3B00B42059 /* AuthService.swift in Sources */ = {isa = PBXBuildFile; fileRef = 57A213F527FC7C3B00B42059 /* AuthService.swift */; };
		57A2142127FC7C3B00B42059 /* Auth.swift in Sources */ = {isa = PBXBuildFile; fileRef = 57A213F727FC7C3B00B42059 /* Auth.swift */; };
		57A2142227FC7C3B00B42059 /* AuthServiceImpl.swift in Sources */ = {isa = PBXBuildFile; fileRef = 57A213F827FC7C3B00B42059 /* AuthServiceImpl.swift */; };
		57A2142327FC7C3B00B42059 /* ProfileService.swift in Sources */ = {isa = PBXBuildFile; fileRef = 57A213FA27FC7C3B00B42059 /* ProfileService.swift */; };
		57A2142427FC7C3B00B42059 /* Profile.swift in Sources */ = {isa = PBXBuildFile; fileRef = 57A213FC27FC7C3B00B42059 /* Profile.swift */; };
		57A2142527FC7C3B00B42059 /* ProfileServiceImpl.swift in Sources */ = {isa = PBXBuildFile; fileRef = 57A213FD27FC7C3B00B42059 /* ProfileServiceImpl.swift */; };
		57A2142627FC7C3B00B42059 /* Employee.swift in Sources */ = {isa = PBXBuildFile; fileRef = 57A2140027FC7C3B00B42059 /* Employee.swift */; };
		57A2142727FC7C3B00B42059 /* EmployeeServiceImpl.swift in Sources */ = {isa = PBXBuildFile; fileRef = 57A2140127FC7C3B00B42059 /* EmployeeServiceImpl.swift */; };
		57A2142827FC7C3B00B42059 /* EmployeeService.swift in Sources */ = {isa = PBXBuildFile; fileRef = 57A2140227FC7C3B00B42059 /* EmployeeService.swift */; };
		57A2142927FC7C3B00B42059 /* PresentServiceImpl.swift in Sources */ = {isa = PBXBuildFile; fileRef = 57A2140427FC7C3B00B42059 /* PresentServiceImpl.swift */; };
		57A2142A27FC7C3B00B42059 /* Present.swift in Sources */ = {isa = PBXBuildFile; fileRef = 57A2140627FC7C3B00B42059 /* Present.swift */; };
		57A2142B27FC7C3B00B42059 /* PresentService.swift in Sources */ = {isa = PBXBuildFile; fileRef = 57A2140727FC7C3B00B42059 /* PresentService.swift */; };
/* End PBXBuildFile section */

/* Begin PBXFileReference section */
		57A213B327FC7C0100B42059 /* birthday-tracker-ios.app */ = {isa = PBXFileReference; explicitFileType = wrapper.application; includeInIndex = 0; path = "birthday-tracker-ios.app"; sourceTree = BUILT_PRODUCTS_DIR; };
		57A213B827FC7C0100B42059 /* SceneDelegate.swift */ = {isa = PBXFileReference; lastKnownFileType = sourcecode.swift; path = SceneDelegate.swift; sourceTree = "<group>"; };
		57A213BA27FC7C0100B42059 /* ViewController.swift */ = {isa = PBXFileReference; lastKnownFileType = sourcecode.swift; path = ViewController.swift; sourceTree = "<group>"; };
		57A213BD27FC7C0100B42059 /* Base */ = {isa = PBXFileReference; lastKnownFileType = file.storyboard; name = Base; path = Base.lproj/Main.storyboard; sourceTree = "<group>"; };
		57A213BF27FC7C0600B42059 /* Assets.xcassets */ = {isa = PBXFileReference; lastKnownFileType = folder.assetcatalog; path = Assets.xcassets; sourceTree = "<group>"; };
		57A213C227FC7C0600B42059 /* Base */ = {isa = PBXFileReference; lastKnownFileType = file.storyboard; name = Base; path = Base.lproj/LaunchScreen.storyboard; sourceTree = "<group>"; };
		57A213C427FC7C0600B42059 /* Info.plist */ = {isa = PBXFileReference; lastKnownFileType = text.plist.xml; path = Info.plist; sourceTree = "<group>"; };
		57A213CE27FC7C3B00B42059 /* NetworkService.swift */ = {isa = PBXFileReference; fileEncoding = 4; lastKnownFileType = sourcecode.swift; path = NetworkService.swift; sourceTree = "<group>"; };
		57A213CF27FC7C3B00B42059 /* Settings.swift */ = {isa = PBXFileReference; fileEncoding = 4; lastKnownFileType = sourcecode.swift; path = Settings.swift; sourceTree = "<group>"; };
		57A213D227FC7C3B00B42059 /* PresentPresenter.swift */ = {isa = PBXFileReference; fileEncoding = 4; lastKnownFileType = sourcecode.swift; path = PresentPresenter.swift; sourceTree = "<group>"; };
		57A213D327FC7C3B00B42059 /* PresentView.swift */ = {isa = PBXFileReference; fileEncoding = 4; lastKnownFileType = sourcecode.swift; path = PresentView.swift; sourceTree = "<group>"; };
		57A213D527FC7C3B00B42059 /* AuthPresenter.swift */ = {isa = PBXFileReference; fileEncoding = 4; lastKnownFileType = sourcecode.swift; path = AuthPresenter.swift; sourceTree = "<group>"; };
		57A213D627FC7C3B00B42059 /* AuthView.swift */ = {isa = PBXFileReference; fileEncoding = 4; lastKnownFileType = sourcecode.swift; path = AuthView.swift; sourceTree = "<group>"; };
		57A213D827FC7C3B00B42059 /* ProfilePresenter.swift */ = {isa = PBXFileReference; fileEncoding = 4; lastKnownFileType = sourcecode.swift; path = ProfilePresenter.swift; sourceTree = "<group>"; };
		57A213D927FC7C3B00B42059 /* ProfileView.swift */ = {isa = PBXFileReference; fileEncoding = 4; lastKnownFileType = sourcecode.swift; path = ProfileView.swift; sourceTree = "<group>"; };
		57A213DB27FC7C3B00B42059 /* MyNotificationsPresenter.swift */ = {isa = PBXFileReference; fileEncoding = 4; lastKnownFileType = sourcecode.swift; path = MyNotificationsPresenter.swift; sourceTree = "<group>"; };
		57A213DC27FC7C3B00B42059 /* MyNotificationsView.swift */ = {isa = PBXFileReference; fileEncoding = 4; lastKnownFileType = sourcecode.swift; path = MyNotificationsView.swift; sourceTree = "<group>"; };
		57A213DE27FC7C3B00B42059 /* EmployeeView.swift */ = {isa = PBXFileReference; fileEncoding = 4; lastKnownFileType = sourcecode.swift; path = EmployeeView.swift; sourceTree = "<group>"; };
		57A213DF27FC7C3B00B42059 /* EmployeePresenter.swift */ = {isa = PBXFileReference; fileEncoding = 4; lastKnownFileType = sourcecode.swift; path = EmployeePresenter.swift; sourceTree = "<group>"; };
		57A213E127FC7C3B00B42059 /* WishlistPresenter.swift */ = {isa = PBXFileReference; fileEncoding = 4; lastKnownFileType = sourcecode.swift; path = WishlistPresenter.swift; sourceTree = "<group>"; };
		57A213E227FC7C3B00B42059 /* WishlistView.swift */ = {isa = PBXFileReference; fileEncoding = 4; lastKnownFileType = sourcecode.swift; path = WishlistView.swift; sourceTree = "<group>"; };
		57A213E327FC7C3B00B42059 /* AppDelegate.swift */ = {isa = PBXFileReference; fileEncoding = 4; lastKnownFileType = sourcecode.swift; path = AppDelegate.swift; sourceTree = "<group>"; };
		57A213E627FC7C3B00B42059 /* WishlistServiceImpl.swift */ = {isa = PBXFileReference; fileEncoding = 4; lastKnownFileType = sourcecode.swift; path = WishlistServiceImpl.swift; sourceTree = "<group>"; };
		57A213E727FC7C3B00B42059 /* WishlistService.swift */ = {isa = PBXFileReference; fileEncoding = 4; lastKnownFileType = sourcecode.swift; path = WishlistService.swift; sourceTree = "<group>"; };
		57A213E927FC7C3B00B42059 /* Wishlist.swift */ = {isa = PBXFileReference; fileEncoding = 4; lastKnownFileType = sourcecode.swift; path = Wishlist.swift; sourceTree = "<group>"; };
		57A213EB27FC7C3B00B42059 /* ProjectService.swift */ = {isa = PBXFileReference; fileEncoding = 4; lastKnownFileType = sourcecode.swift; path = ProjectService.swift; sourceTree = "<group>"; };
		57A213EC27FC7C3B00B42059 /* ProjectServiceImpl.swift */ = {isa = PBXFileReference; fileEncoding = 4; lastKnownFileType = sourcecode.swift; path = ProjectServiceImpl.swift; sourceTree = "<group>"; };
		57A213EE27FC7C3B00B42059 /* Project.swift */ = {isa = PBXFileReference; fileEncoding = 4; lastKnownFileType = sourcecode.swift; path = Project.swift; sourceTree = "<group>"; };
		57A213F027FC7C3B00B42059 /* MyNotificationsServiceImpl.swift */ = {isa = PBXFileReference; fileEncoding = 4; lastKnownFileType = sourcecode.swift; path = MyNotificationsServiceImpl.swift; sourceTree = "<group>"; };
		57A213F227FC7C3B00B42059 /* MyNotifications.swift */ = {isa = PBXFileReference; fileEncoding = 4; lastKnownFileType = sourcecode.swift; path = MyNotifications.swift; sourceTree = "<group>"; };
		57A213F327FC7C3B00B42059 /* MyNotificationsService.swift */ = {isa = PBXFileReference; fileEncoding = 4; lastKnownFileType = sourcecode.swift; path = MyNotificationsService.swift; sourceTree = "<group>"; };
		57A213F527FC7C3B00B42059 /* AuthService.swift */ = {isa = PBXFileReference; fileEncoding = 4; lastKnownFileType = sourcecode.swift; path = AuthService.swift; sourceTree = "<group>"; };
		57A213F727FC7C3B00B42059 /* Auth.swift */ = {isa = PBXFileReference; fileEncoding = 4; lastKnownFileType = sourcecode.swift; path = Auth.swift; sourceTree = "<group>"; };
		57A213F827FC7C3B00B42059 /* AuthServiceImpl.swift */ = {isa = PBXFileReference; fileEncoding = 4; lastKnownFileType = sourcecode.swift; path = AuthServiceImpl.swift; sourceTree = "<group>"; };
		57A213FA27FC7C3B00B42059 /* ProfileService.swift */ = {isa = PBXFileReference; fileEncoding = 4; lastKnownFileType = sourcecode.swift; path = ProfileService.swift; sourceTree = "<group>"; };
		57A213FC27FC7C3B00B42059 /* Profile.swift */ = {isa = PBXFileReference; fileEncoding = 4; lastKnownFileType = sourcecode.swift; path = Profile.swift; sourceTree = "<group>"; };
		57A213FD27FC7C3B00B42059 /* ProfileServiceImpl.swift */ = {isa = PBXFileReference; fileEncoding = 4; lastKnownFileType = sourcecode.swift; path = ProfileServiceImpl.swift; sourceTree = "<group>"; };
		57A2140027FC7C3B00B42059 /* Employee.swift */ = {isa = PBXFileReference; fileEncoding = 4; lastKnownFileType = sourcecode.swift; path = Employee.swift; sourceTree = "<group>"; };
		57A2140127FC7C3B00B42059 /* EmployeeServiceImpl.swift */ = {isa = PBXFileReference; fileEncoding = 4; lastKnownFileType = sourcecode.swift; path = EmployeeServiceImpl.swift; sourceTree = "<group>"; };
		57A2140227FC7C3B00B42059 /* EmployeeService.swift */ = {isa = PBXFileReference; fileEncoding = 4; lastKnownFileType = sourcecode.swift; path = EmployeeService.swift; sourceTree = "<group>"; };
		57A2140427FC7C3B00B42059 /* PresentServiceImpl.swift */ = {isa = PBXFileReference; fileEncoding = 4; lastKnownFileType = sourcecode.swift; path = PresentServiceImpl.swift; sourceTree = "<group>"; };
		57A2140627FC7C3B00B42059 /* Present.swift */ = {isa = PBXFileReference; fileEncoding = 4; lastKnownFileType = sourcecode.swift; path = Present.swift; sourceTree = "<group>"; };
		57A2140727FC7C3B00B42059 /* PresentService.swift */ = {isa = PBXFileReference; fileEncoding = 4; lastKnownFileType = sourcecode.swift; path = PresentService.swift; sourceTree = "<group>"; };
/* End PBXFileReference section */

/* Begin PBXFrameworksBuildPhase section */
		57A213B027FC7C0100B42059 /* Frameworks */ = {
			isa = PBXFrameworksBuildPhase;
			buildActionMask = 2147483647;
			files = (
			);
			runOnlyForDeploymentPostprocessing = 0;
		};
/* End PBXFrameworksBuildPhase section */

/* Begin PBXGroup section */
		57A213AA27FC7C0100B42059 = {
			isa = PBXGroup;
			children = (
				57A213B527FC7C0100B42059 /* birthday-tracker-ios */,
				57A213B427FC7C0100B42059 /* Products */,
			);
			sourceTree = "<group>";
		};
		57A213B427FC7C0100B42059 /* Products */ = {
			isa = PBXGroup;
			children = (
				57A213B327FC7C0100B42059 /* birthday-tracker-ios.app */,
			);
			name = Products;
			sourceTree = "<group>";
		};
		57A213B527FC7C0100B42059 /* birthday-tracker-ios */ = {
			isa = PBXGroup;
			children = (
				57A213CC27FC7C3B00B42059 /* Sources */,
				57A213B827FC7C0100B42059 /* SceneDelegate.swift */,
				57A213BA27FC7C0100B42059 /* ViewController.swift */,
				57A213BC27FC7C0100B42059 /* Main.storyboard */,
				57A213BF27FC7C0600B42059 /* Assets.xcassets */,
				57A213C127FC7C0600B42059 /* LaunchScreen.storyboard */,
				57A213C427FC7C0600B42059 /* Info.plist */,
			);
			path = "birthday-tracker-ios";
			sourceTree = "<group>";
		};
		57A213CC27FC7C3B00B42059 /* Sources */ = {
			isa = PBXGroup;
			children = (
				57A213CD27FC7C3B00B42059 /* Networking */,
				57A213D027FC7C3B00B42059 /* UserStories */,
				57A213E327FC7C3B00B42059 /* AppDelegate.swift */,
				57A213E427FC7C3B00B42059 /* Services */,
			);
			name = Sources;
			path = "../../../Documents/birthday-tracker-ios/birthday-tracker-ios/Sources";
			sourceTree = "<group>";
		};
		57A213CD27FC7C3B00B42059 /* Networking */ = {
			isa = PBXGroup;
			children = (
				57A213CE27FC7C3B00B42059 /* NetworkService.swift */,
				57A213CF27FC7C3B00B42059 /* Settings.swift */,
			);
			path = Networking;
			sourceTree = "<group>";
		};
		57A213D027FC7C3B00B42059 /* UserStories */ = {
			isa = PBXGroup;
			children = (
				57A213D127FC7C3B00B42059 /* Present */,
				57A213D427FC7C3B00B42059 /* Auth */,
				57A213D727FC7C3B00B42059 /* Profile */,
				57A213DA27FC7C3B00B42059 /* MyNotifications */,
				57A213DD27FC7C3B00B42059 /* Employee */,
				57A213E027FC7C3B00B42059 /* Wishlist */,
			);
			path = UserStories;
			sourceTree = "<group>";
		};
		57A213D127FC7C3B00B42059 /* Present */ = {
			isa = PBXGroup;
			children = (
				57A213D227FC7C3B00B42059 /* PresentPresenter.swift */,
				57A213D327FC7C3B00B42059 /* PresentView.swift */,
			);
			path = Present;
			sourceTree = "<group>";
		};
		57A213D427FC7C3B00B42059 /* Auth */ = {
			isa = PBXGroup;
			children = (
				57A213D527FC7C3B00B42059 /* AuthPresenter.swift */,
				57A213D627FC7C3B00B42059 /* AuthView.swift */,
			);
			path = Auth;
			sourceTree = "<group>";
		};
		57A213D727FC7C3B00B42059 /* Profile */ = {
			isa = PBXGroup;
			children = (
				57A213D827FC7C3B00B42059 /* ProfilePresenter.swift */,
				57A213D927FC7C3B00B42059 /* ProfileView.swift */,
			);
			path = Profile;
			sourceTree = "<group>";
		};
		57A213DA27FC7C3B00B42059 /* MyNotifications */ = {
			isa = PBXGroup;
			children = (
				57A213DB27FC7C3B00B42059 /* MyNotificationsPresenter.swift */,
				57A213DC27FC7C3B00B42059 /* MyNotificationsView.swift */,
			);
			path = MyNotifications;
			sourceTree = "<group>";
		};
		57A213DD27FC7C3B00B42059 /* Employee */ = {
			isa = PBXGroup;
			children = (
				57A213DE27FC7C3B00B42059 /* EmployeeView.swift */,
				57A213DF27FC7C3B00B42059 /* EmployeePresenter.swift */,
			);
			path = Employee;
			sourceTree = "<group>";
		};
		57A213E027FC7C3B00B42059 /* Wishlist */ = {
			isa = PBXGroup;
			children = (
				57A213E127FC7C3B00B42059 /* WishlistPresenter.swift */,
				57A213E227FC7C3B00B42059 /* WishlistView.swift */,
			);
			path = Wishlist;
			sourceTree = "<group>";
		};
		57A213E427FC7C3B00B42059 /* Services */ = {
			isa = PBXGroup;
			children = (
				57A213E527FC7C3B00B42059 /* WishlistService */,
				57A213EA27FC7C3B00B42059 /* ProjectService */,
				57A213EF27FC7C3B00B42059 /* MyNotificationsService */,
				57A213F427FC7C3B00B42059 /* AuthService */,
				57A213F927FC7C3B00B42059 /* ProfileService */,
				57A213FE27FC7C3B00B42059 /* EmployeeService */,
				57A2140327FC7C3B00B42059 /* PresentService */,
			);
			path = Services;
			sourceTree = "<group>";
		};
		57A213E527FC7C3B00B42059 /* WishlistService */ = {
			isa = PBXGroup;
			children = (
				57A213E627FC7C3B00B42059 /* WishlistServiceImpl.swift */,
				57A213E727FC7C3B00B42059 /* WishlistService.swift */,
				57A213E827FC7C3B00B42059 /* Model */,
			);
			path = WishlistService;
			sourceTree = "<group>";
		};
		57A213E827FC7C3B00B42059 /* Model */ = {
			isa = PBXGroup;
			children = (
				57A213E927FC7C3B00B42059 /* Wishlist.swift */,
			);
			path = Model;
			sourceTree = "<group>";
		};
		57A213EA27FC7C3B00B42059 /* ProjectService */ = {
			isa = PBXGroup;
			children = (
				57A213EB27FC7C3B00B42059 /* ProjectService.swift */,
				57A213EC27FC7C3B00B42059 /* ProjectServiceImpl.swift */,
				57A213ED27FC7C3B00B42059 /* Model */,
			);
			path = ProjectService;
			sourceTree = "<group>";
		};
		57A213ED27FC7C3B00B42059 /* Model */ = {
			isa = PBXGroup;
			children = (
				57A213EE27FC7C3B00B42059 /* Project.swift */,
			);
			path = Model;
			sourceTree = "<group>";
		};
		57A213EF27FC7C3B00B42059 /* MyNotificationsService */ = {
			isa = PBXGroup;
			children = (
				57A213F027FC7C3B00B42059 /* MyNotificationsServiceImpl.swift */,
				57A213F127FC7C3B00B42059 /* Model */,
				57A213F327FC7C3B00B42059 /* MyNotificationsService.swift */,
			);
			path = MyNotificationsService;
			sourceTree = "<group>";
		};
		57A213F127FC7C3B00B42059 /* Model */ = {
			isa = PBXGroup;
			children = (
				57A213F227FC7C3B00B42059 /* MyNotifications.swift */,
			);
			path = Model;
			sourceTree = "<group>";
		};
		57A213F427FC7C3B00B42059 /* AuthService */ = {
			isa = PBXGroup;
			children = (
				57A213F527FC7C3B00B42059 /* AuthService.swift */,
				57A213F627FC7C3B00B42059 /* Model */,
				57A213F827FC7C3B00B42059 /* AuthServiceImpl.swift */,
			);
			path = AuthService;
			sourceTree = "<group>";
		};
		57A213F627FC7C3B00B42059 /* Model */ = {
			isa = PBXGroup;
			children = (
				57A213F727FC7C3B00B42059 /* Auth.swift */,
			);
			path = Model;
			sourceTree = "<group>";
		};
		57A213F927FC7C3B00B42059 /* ProfileService */ = {
			isa = PBXGroup;
			children = (
				57A213FA27FC7C3B00B42059 /* ProfileService.swift */,
				57A213FB27FC7C3B00B42059 /* Model */,
				57A213FD27FC7C3B00B42059 /* ProfileServiceImpl.swift */,
			);
			path = ProfileService;
			sourceTree = "<group>";
		};
		57A213FB27FC7C3B00B42059 /* Model */ = {
			isa = PBXGroup;
			children = (
				57A213FC27FC7C3B00B42059 /* Profile.swift */,
			);
			path = Model;
			sourceTree = "<group>";
		};
		57A213FE27FC7C3B00B42059 /* EmployeeService */ = {
			isa = PBXGroup;
			children = (
				57A213FF27FC7C3B00B42059 /* Model */,
				57A2140127FC7C3B00B42059 /* EmployeeServiceImpl.swift */,
				57A2140227FC7C3B00B42059 /* EmployeeService.swift */,
			);
			path = EmployeeService;
			sourceTree = "<group>";
		};
		57A213FF27FC7C3B00B42059 /* Model */ = {
			isa = PBXGroup;
			children = (
				57A2140027FC7C3B00B42059 /* Employee.swift */,
			);
			path = Model;
			sourceTree = "<group>";
		};
		57A2140327FC7C3B00B42059 /* PresentService */ = {
			isa = PBXGroup;
			children = (
				57A2140427FC7C3B00B42059 /* PresentServiceImpl.swift */,
				57A2140527FC7C3B00B42059 /* Model */,
				57A2140727FC7C3B00B42059 /* PresentService.swift */,
			);
			path = PresentService;
			sourceTree = "<group>";
		};
		57A2140527FC7C3B00B42059 /* Model */ = {
			isa = PBXGroup;
			children = (
				57A2140627FC7C3B00B42059 /* Present.swift */,
			);
			path = Model;
			sourceTree = "<group>";
		};
/* End PBXGroup section */

/* Begin PBXNativeTarget section */
		57A213B227FC7C0100B42059 /* birthday-tracker-ios */ = {
			isa = PBXNativeTarget;
			buildConfigurationList = 57A213C727FC7C0600B42059 /* Build configuration list for PBXNativeTarget "birthday-tracker-ios" */;
			buildPhases = (
				57A213AF27FC7C0100B42059 /* Sources */,
				57A213B027FC7C0100B42059 /* Frameworks */,
				57A213B127FC7C0100B42059 /* Resources */,
			);
			buildRules = (
			);
			dependencies = (
			);
			name = "birthday-tracker-ios";
			productName = "birthday-tracker-ios";
			productReference = 57A213B327FC7C0100B42059 /* birthday-tracker-ios.app */;
			productType = "com.apple.product-type.application";
		};
/* End PBXNativeTarget section */

/* Begin PBXProject section */
		57A213AB27FC7C0100B42059 /* Project object */ = {
			isa = PBXProject;
			attributes = {
				BuildIndependentTargetsInParallel = 1;
				LastSwiftUpdateCheck = 1320;
				LastUpgradeCheck = 1320;
				TargetAttributes = {
					57A213B227FC7C0100B42059 = {
						CreatedOnToolsVersion = 13.2.1;
					};
				};
			};
			buildConfigurationList = 57A213AE27FC7C0100B42059 /* Build configuration list for PBXProject "birthday-tracker-ios" */;
			compatibilityVersion = "Xcode 13.0";
			developmentRegion = en;
			hasScannedForEncodings = 0;
			knownRegions = (
				en,
				Base,
			);
			mainGroup = 57A213AA27FC7C0100B42059;
			productRefGroup = 57A213B427FC7C0100B42059 /* Products */;
			projectDirPath = "";
			projectRoot = "";
			targets = (
				57A213B227FC7C0100B42059 /* birthday-tracker-ios */,
			);
		};
/* End PBXProject section */

/* Begin PBXResourcesBuildPhase section */
		57A213B127FC7C0100B42059 /* Resources */ = {
			isa = PBXResourcesBuildPhase;
			buildActionMask = 2147483647;
			files = (
				57A213C327FC7C0600B42059 /* LaunchScreen.storyboard in Resources */,
				57A213C027FC7C0600B42059 /* Assets.xcassets in Resources */,
				57A213BE27FC7C0100B42059 /* Main.storyboard in Resources */,
			);
			runOnlyForDeploymentPostprocessing = 0;
		};
/* End PBXResourcesBuildPhase section */

/* Begin PBXSourcesBuildPhase section */
		57A213AF27FC7C0100B42059 /* Sources */ = {
			isa = PBXSourcesBuildPhase;
			buildActionMask = 2147483647;
			files = (
				57A2141827FC7C3B00B42059 /* WishlistService.swift in Sources */,
				57A2142827FC7C3B00B42059 /* EmployeeService.swift in Sources */,
				57A2140C27FC7C3B00B42059 /* AuthPresenter.swift in Sources */,
				57A2141D27FC7C3B00B42059 /* MyNotificationsServiceImpl.swift in Sources */,
				57A2141427FC7C3B00B42059 /* WishlistPresenter.swift in Sources */,
				57A2141527FC7C3B00B42059 /* WishlistView.swift in Sources */,
				57A2140A27FC7C3B00B42059 /* PresentPresenter.swift in Sources */,
				57A2142A27FC7C3B00B42059 /* Present.swift in Sources */,
				57A2142B27FC7C3B00B42059 /* PresentService.swift in Sources */,
				57A2141227FC7C3B00B42059 /* EmployeeView.swift in Sources */,
				57A2142227FC7C3B00B42059 /* AuthServiceImpl.swift in Sources */,
				57A2142927FC7C3B00B42059 /* PresentServiceImpl.swift in Sources */,
				57A213BB27FC7C0100B42059 /* ViewController.swift in Sources */,
				57A2141F27FC7C3B00B42059 /* MyNotificationsService.swift in Sources */,
				57A2141927FC7C3B00B42059 /* Wishlist.swift in Sources */,
				57A2142627FC7C3B00B42059 /* Employee.swift in Sources */,
				57A2142327FC7C3B00B42059 /* ProfileService.swift in Sources */,
				57A2141E27FC7C3B00B42059 /* MyNotifications.swift in Sources */,
				57A2142127FC7C3B00B42059 /* Auth.swift in Sources */,
				57A2141727FC7C3B00B42059 /* WishlistServiceImpl.swift in Sources */,
				57A2140827FC7C3B00B42059 /* NetworkService.swift in Sources */,
				57A2141327FC7C3B00B42059 /* EmployeePresenter.swift in Sources */,
				57A2141127FC7C3B00B42059 /* MyNotificationsView.swift in Sources */,
				57A2141B27FC7C3B00B42059 /* ProjectServiceImpl.swift in Sources */,
				57A2141027FC7C3B00B42059 /* MyNotificationsPresenter.swift in Sources */,
				57A213B927FC7C0100B42059 /* SceneDelegate.swift in Sources */,
				57A2141627FC7C3B00B42059 /* AppDelegate.swift in Sources */,
				57A2140B27FC7C3B00B42059 /* PresentView.swift in Sources */,
				57A2141A27FC7C3B00B42059 /* ProjectService.swift in Sources */,
				57A2142527FC7C3B00B42059 /* ProfileServiceImpl.swift in Sources */,
				57A2142427FC7C3B00B42059 /* Profile.swift in Sources */,
				57A2140927FC7C3B00B42059 /* Settings.swift in Sources */,
				57A2140E27FC7C3B00B42059 /* ProfilePresenter.swift in Sources */,
				57A2140F27FC7C3B00B42059 /* ProfileView.swift in Sources */,
				57A2140D27FC7C3B00B42059 /* AuthView.swift in Sources */,
				57A2141C27FC7C3B00B42059 /* Project.swift in Sources */,
				57A2142727FC7C3B00B42059 /* EmployeeServiceImpl.swift in Sources */,
				57A2142027FC7C3B00B42059 /* AuthService.swift in Sources */,
			);
			runOnlyForDeploymentPostprocessing = 0;
		};
/* End PBXSourcesBuildPhase section */

/* Begin PBXVariantGroup section */
		57A213BC27FC7C0100B42059 /* Main.storyboard */ = {
			isa = PBXVariantGroup;
			children = (
				57A213BD27FC7C0100B42059 /* Base */,
			);
			name = Main.storyboard;
			sourceTree = "<group>";
		};
		57A213C127FC7C0600B42059 /* LaunchScreen.storyboard */ = {
			isa = PBXVariantGroup;
			children = (
				57A213C227FC7C0600B42059 /* Base */,
			);
			name = LaunchScreen.storyboard;
			sourceTree = "<group>";
		};
/* End PBXVariantGroup section */

/* Begin XCBuildConfiguration section */
		57A213C527FC7C0600B42059 /* Debug */ = {
			isa = XCBuildConfiguration;
			buildSettings = {
				ALWAYS_SEARCH_USER_PATHS = NO;
				CLANG_ANALYZER_NONNULL = YES;
				CLANG_ANALYZER_NUMBER_OBJECT_CONVERSION = YES_AGGRESSIVE;
				CLANG_CXX_LANGUAGE_STANDARD = "gnu++17";
				CLANG_CXX_LIBRARY = "libc++";
				CLANG_ENABLE_MODULES = YES;
				CLANG_ENABLE_OBJC_ARC = YES;
				CLANG_ENABLE_OBJC_WEAK = YES;
				CLANG_WARN_BLOCK_CAPTURE_AUTORELEASING = YES;
				CLANG_WARN_BOOL_CONVERSION = YES;
				CLANG_WARN_COMMA = YES;
				CLANG_WARN_CONSTANT_CONVERSION = YES;
				CLANG_WARN_DEPRECATED_OBJC_IMPLEMENTATIONS = YES;
				CLANG_WARN_DIRECT_OBJC_ISA_USAGE = YES_ERROR;
				CLANG_WARN_DOCUMENTATION_COMMENTS = YES;
				CLANG_WARN_EMPTY_BODY = YES;
				CLANG_WARN_ENUM_CONVERSION = YES;
				CLANG_WARN_INFINITE_RECURSION = YES;
				CLANG_WARN_INT_CONVERSION = YES;
				CLANG_WARN_NON_LITERAL_NULL_CONVERSION = YES;
				CLANG_WARN_OBJC_IMPLICIT_RETAIN_SELF = YES;
				CLANG_WARN_OBJC_LITERAL_CONVERSION = YES;
				CLANG_WARN_OBJC_ROOT_CLASS = YES_ERROR;
				CLANG_WARN_QUOTED_INCLUDE_IN_FRAMEWORK_HEADER = YES;
				CLANG_WARN_RANGE_LOOP_ANALYSIS = YES;
				CLANG_WARN_STRICT_PROTOTYPES = YES;
				CLANG_WARN_SUSPICIOUS_MOVE = YES;
				CLANG_WARN_UNGUARDED_AVAILABILITY = YES_AGGRESSIVE;
				CLANG_WARN_UNREACHABLE_CODE = YES;
				CLANG_WARN__DUPLICATE_METHOD_MATCH = YES;
				COPY_PHASE_STRIP = NO;
				DEBUG_INFORMATION_FORMAT = dwarf;
				ENABLE_STRICT_OBJC_MSGSEND = YES;
				ENABLE_TESTABILITY = YES;
				GCC_C_LANGUAGE_STANDARD = gnu11;
				GCC_DYNAMIC_NO_PIC = NO;
				GCC_NO_COMMON_BLOCKS = YES;
				GCC_OPTIMIZATION_LEVEL = 0;
				GCC_PREPROCESSOR_DEFINITIONS = (
					"DEBUG=1",
					"$(inherited)",
				);
				GCC_WARN_64_TO_32_BIT_CONVERSION = YES;
				GCC_WARN_ABOUT_RETURN_TYPE = YES_ERROR;
				GCC_WARN_UNDECLARED_SELECTOR = YES;
				GCC_WARN_UNINITIALIZED_AUTOS = YES_AGGRESSIVE;
				GCC_WARN_UNUSED_FUNCTION = YES;
				GCC_WARN_UNUSED_VARIABLE = YES;
				IPHONEOS_DEPLOYMENT_TARGET = 15.2;
				MTL_ENABLE_DEBUG_INFO = INCLUDE_SOURCE;
				MTL_FAST_MATH = YES;
				ONLY_ACTIVE_ARCH = YES;
				SDKROOT = iphoneos;
				SWIFT_ACTIVE_COMPILATION_CONDITIONS = DEBUG;
				SWIFT_OPTIMIZATION_LEVEL = "-Onone";
			};
			name = Debug;
		};
		57A213C627FC7C0600B42059 /* Release */ = {
			isa = XCBuildConfiguration;
			buildSettings = {
				ALWAYS_SEARCH_USER_PATHS = NO;
				CLANG_ANALYZER_NONNULL = YES;
				CLANG_ANALYZER_NUMBER_OBJECT_CONVERSION = YES_AGGRESSIVE;
				CLANG_CXX_LANGUAGE_STANDARD = "gnu++17";
				CLANG_CXX_LIBRARY = "libc++";
				CLANG_ENABLE_MODULES = YES;
				CLANG_ENABLE_OBJC_ARC = YES;
				CLANG_ENABLE_OBJC_WEAK = YES;
				CLANG_WARN_BLOCK_CAPTURE_AUTORELEASING = YES;
				CLANG_WARN_BOOL_CONVERSION = YES;
				CLANG_WARN_COMMA = YES;
				CLANG_WARN_CONSTANT_CONVERSION = YES;
				CLANG_WARN_DEPRECATED_OBJC_IMPLEMENTATIONS = YES;
				CLANG_WARN_DIRECT_OBJC_ISA_USAGE = YES_ERROR;
				CLANG_WARN_DOCUMENTATION_COMMENTS = YES;
				CLANG_WARN_EMPTY_BODY = YES;
				CLANG_WARN_ENUM_CONVERSION = YES;
				CLANG_WARN_INFINITE_RECURSION = YES;
				CLANG_WARN_INT_CONVERSION = YES;
				CLANG_WARN_NON_LITERAL_NULL_CONVERSION = YES;
				CLANG_WARN_OBJC_IMPLICIT_RETAIN_SELF = YES;
				CLANG_WARN_OBJC_LITERAL_CONVERSION = YES;
				CLANG_WARN_OBJC_ROOT_CLASS = YES_ERROR;
				CLANG_WARN_QUOTED_INCLUDE_IN_FRAMEWORK_HEADER = YES;
				CLANG_WARN_RANGE_LOOP_ANALYSIS = YES;
				CLANG_WARN_STRICT_PROTOTYPES = YES;
				CLANG_WARN_SUSPICIOUS_MOVE = YES;
				CLANG_WARN_UNGUARDED_AVAILABILITY = YES_AGGRESSIVE;
				CLANG_WARN_UNREACHABLE_CODE = YES;
				CLANG_WARN__DUPLICATE_METHOD_MATCH = YES;
				COPY_PHASE_STRIP = NO;
				DEBUG_INFORMATION_FORMAT = "dwarf-with-dsym";
				ENABLE_NS_ASSERTIONS = NO;
				ENABLE_STRICT_OBJC_MSGSEND = YES;
				GCC_C_LANGUAGE_STANDARD = gnu11;
				GCC_NO_COMMON_BLOCKS = YES;
				GCC_WARN_64_TO_32_BIT_CONVERSION = YES;
				GCC_WARN_ABOUT_RETURN_TYPE = YES_ERROR;
				GCC_WARN_UNDECLARED_SELECTOR = YES;
				GCC_WARN_UNINITIALIZED_AUTOS = YES_AGGRESSIVE;
				GCC_WARN_UNUSED_FUNCTION = YES;
				GCC_WARN_UNUSED_VARIABLE = YES;
				IPHONEOS_DEPLOYMENT_TARGET = 15.2;
				MTL_ENABLE_DEBUG_INFO = NO;
				MTL_FAST_MATH = YES;
				SDKROOT = iphoneos;
				SWIFT_COMPILATION_MODE = wholemodule;
				SWIFT_OPTIMIZATION_LEVEL = "-O";
				VALIDATE_PRODUCT = YES;
			};
			name = Release;
		};
		57A213C827FC7C0600B42059 /* Debug */ = {
			isa = XCBuildConfiguration;
			buildSettings = {
				ASSETCATALOG_COMPILER_APPICON_NAME = AppIcon;
				ASSETCATALOG_COMPILER_GLOBAL_ACCENT_COLOR_NAME = AccentColor;
				CODE_SIGN_STYLE = Automatic;
				CURRENT_PROJECT_VERSION = 1;
				GENERATE_INFOPLIST_FILE = YES;
				INFOPLIST_FILE = "birthday-tracker-ios/Info.plist";
				INFOPLIST_KEY_UIApplicationSupportsIndirectInputEvents = YES;
				INFOPLIST_KEY_UILaunchStoryboardName = LaunchScreen;
				INFOPLIST_KEY_UIMainStoryboardFile = Main;
				INFOPLIST_KEY_UISupportedInterfaceOrientations_iPad = "UIInterfaceOrientationPortrait UIInterfaceOrientationPortraitUpsideDown UIInterfaceOrientationLandscapeLeft UIInterfaceOrientationLandscapeRight";
				INFOPLIST_KEY_UISupportedInterfaceOrientations_iPhone = "UIInterfaceOrientationPortrait UIInterfaceOrientationLandscapeLeft UIInterfaceOrientationLandscapeRight";
				LD_RUNPATH_SEARCH_PATHS = (
					"$(inherited)",
					"@executable_path/Frameworks",
				);
				MARKETING_VERSION = 1.0;
				PRODUCT_BUNDLE_IDENTIFIER = "idlexar.birthday-tracker-ios";
				PRODUCT_NAME = "$(TARGET_NAME)";
				SWIFT_EMIT_LOC_STRINGS = YES;
				SWIFT_VERSION = 5.0;
				TARGETED_DEVICE_FAMILY = "1,2";
			};
			name = Debug;
		};
		57A213C927FC7C0600B42059 /* Release */ = {
			isa = XCBuildConfiguration;
			buildSettings = {
				ASSETCATALOG_COMPILER_APPICON_NAME = AppIcon;
				ASSETCATALOG_COMPILER_GLOBAL_ACCENT_COLOR_NAME = AccentColor;
				CODE_SIGN_STYLE = Automatic;
				CURRENT_PROJECT_VERSION = 1;
				GENERATE_INFOPLIST_FILE = YES;
				INFOPLIST_FILE = "birthday-tracker-ios/Info.plist";
				INFOPLIST_KEY_UIApplicationSupportsIndirectInputEvents = YES;
				INFOPLIST_KEY_UILaunchStoryboardName = LaunchScreen;
				INFOPLIST_KEY_UIMainStoryboardFile = Main;
				INFOPLIST_KEY_UISupportedInterfaceOrientations_iPad = "UIInterfaceOrientationPortrait UIInterfaceOrientationPortraitUpsideDown UIInterfaceOrientationLandscapeLeft UIInterfaceOrientationLandscapeRight";
				INFOPLIST_KEY_UISupportedInterfaceOrientations_iPhone = "UIInterfaceOrientationPortrait UIInterfaceOrientationLandscapeLeft UIInterfaceOrientationLandscapeRight";
				LD_RUNPATH_SEARCH_PATHS = (
					"$(inherited)",
					"@executable_path/Frameworks",
				);
				MARKETING_VERSION = 1.0;
				PRODUCT_BUNDLE_IDENTIFIER = "idlexar.birthday-tracker-ios";
				PRODUCT_NAME = "$(TARGET_NAME)";
				SWIFT_EMIT_LOC_STRINGS = YES;
				SWIFT_VERSION = 5.0;
				TARGETED_DEVICE_FAMILY = "1,2";
			};
			name = Release;
		};
/* End XCBuildConfiguration section */

/* Begin XCConfigurationList section */
		57A213AE27FC7C0100B42059 /* Build configuration list for PBXProject "birthday-tracker-ios" */ = {
			isa = XCConfigurationList;
			buildConfigurations = (
				57A213C527FC7C0600B42059 /* Debug */,
				57A213C627FC7C0600B42059 /* Release */,
			);
			defaultConfigurationIsVisible = 0;
			defaultConfigurationName = Release;
		};
		57A213C727FC7C0600B42059 /* Build configuration list for PBXNativeTarget "birthday-tracker-ios" */ = {
			isa = XCConfigurationList;
			buildConfigurations = (
				57A213C827FC7C0600B42059 /* Debug */,
				57A213C927FC7C0600B42059 /* Release */,
			);
			defaultConfigurationIsVisible = 0;
			defaultConfigurationName = Release;
		};
/* End XCConfigurationList section */
	};
	rootObject = 57A213AB27FC7C0100B42059 /* Project object */;
}
