// !$*UTF8*$!
{
	archiveVersion = 1;
	classes = {
	};
	objectVersion = 55;
	objects = {

/* Begin PBXBuildFile section */
		1B10BEA52809B70300D3E901 /* MainAssembly.swift in Sources */ = {isa = PBXBuildFile; fileRef = 1B10BEA42809B70300D3E901 /* MainAssembly.swift */; };
		5743639C27F3302700B0D9C5 /* AppDelegate.swift in Sources */ = {isa = PBXBuildFile; fileRef = 5743639B27F3302700B0D9C5 /* AppDelegate.swift */; };
		574363A027F33BF200B0D9C5 /* Project.swift in Sources */ = {isa = PBXBuildFile; fileRef = 5743639F27F33BF200B0D9C5 /* Project.swift */; };
		574665CE27E4A49500D7B5AD /* EmployeeService.swift in Sources */ = {isa = PBXBuildFile; fileRef = 574665CD27E4A49500D7B5AD /* EmployeeService.swift */; };
		574665D027E4A51200D7B5AD /* WishlistService.swift in Sources */ = {isa = PBXBuildFile; fileRef = 574665CF27E4A51200D7B5AD /* WishlistService.swift */; };
		574665D227E4A55100D7B5AD /* PresentService.swift in Sources */ = {isa = PBXBuildFile; fileRef = 574665D127E4A55100D7B5AD /* PresentService.swift */; };
		574665D427E4A59B00D7B5AD /* MyNotificationsService.swift in Sources */ = {isa = PBXBuildFile; fileRef = 574665D327E4A59B00D7B5AD /* MyNotificationsService.swift */; };
		574665D627E4A5CC00D7B5AD /* AuthService.swift in Sources */ = {isa = PBXBuildFile; fileRef = 574665D527E4A5CC00D7B5AD /* AuthService.swift */; };
		574665D827E4A6EE00D7B5AD /* WishlistServiceImpl.swift in Sources */ = {isa = PBXBuildFile; fileRef = 574665D727E4A6EE00D7B5AD /* WishlistServiceImpl.swift */; };
		574665DA27E4A73500D7B5AD /* PresentServiceImpl.swift in Sources */ = {isa = PBXBuildFile; fileRef = 574665D927E4A73500D7B5AD /* PresentServiceImpl.swift */; };
		574665DC27E4A75700D7B5AD /* MyNotificationsServiceImpl.swift in Sources */ = {isa = PBXBuildFile; fileRef = 574665DB27E4A75700D7B5AD /* MyNotificationsServiceImpl.swift */; };
		574665DE27E4A78500D7B5AD /* AuthServiceImpl.swift in Sources */ = {isa = PBXBuildFile; fileRef = 574665DD27E4A78500D7B5AD /* AuthServiceImpl.swift */; };
		574665E027E4A7DA00D7B5AD /* Auth.swift in Sources */ = {isa = PBXBuildFile; fileRef = 574665DF27E4A7DA00D7B5AD /* Auth.swift */; };
		574665E227E4A82E00D7B5AD /* EmployeePresenter.swift in Sources */ = {isa = PBXBuildFile; fileRef = 574665E127E4A82E00D7B5AD /* EmployeePresenter.swift */; };
		574665E427E4A84300D7B5AD /* WishlistPresenter.swift in Sources */ = {isa = PBXBuildFile; fileRef = 574665E327E4A84300D7B5AD /* WishlistPresenter.swift */; };
		574665E627E4A86A00D7B5AD /* PresentPresenter.swift in Sources */ = {isa = PBXBuildFile; fileRef = 574665E527E4A86A00D7B5AD /* PresentPresenter.swift */; };
		574665E827E4A8DC00D7B5AD /* MyNotificationsPresenter.swift in Sources */ = {isa = PBXBuildFile; fileRef = 574665E727E4A8DC00D7B5AD /* MyNotificationsPresenter.swift */; };
		574665EA27E4A8F700D7B5AD /* AuthPresenter.swift in Sources */ = {isa = PBXBuildFile; fileRef = 574665E927E4A8F700D7B5AD /* AuthPresenter.swift */; };
		574665EC27E4A91900D7B5AD /* EmployeeView.swift in Sources */ = {isa = PBXBuildFile; fileRef = 574665EB27E4A91900D7B5AD /* EmployeeView.swift */; };
		574665EE27E4A92F00D7B5AD /* WishlistView.swift in Sources */ = {isa = PBXBuildFile; fileRef = 574665ED27E4A92F00D7B5AD /* WishlistView.swift */; };
		574665F027E4A94800D7B5AD /* PresentView.swift in Sources */ = {isa = PBXBuildFile; fileRef = 574665EF27E4A94800D7B5AD /* PresentView.swift */; };
		574665F227E4A96A00D7B5AD /* MyNotificationsView.swift in Sources */ = {isa = PBXBuildFile; fileRef = 574665F127E4A96A00D7B5AD /* MyNotificationsView.swift */; };
		574665F627E4A99900D7B5AD /* AuthView.swift in Sources */ = {isa = PBXBuildFile; fileRef = 574665F527E4A99900D7B5AD /* AuthView.swift */; };
		5746660F27F1B57E00D7B5AD /* ProfileView.swift in Sources */ = {isa = PBXBuildFile; fileRef = 5746660E27F1B57E00D7B5AD /* ProfileView.swift */; };
		5746661327F1B5C700D7B5AD /* ProfilePresenter.swift in Sources */ = {isa = PBXBuildFile; fileRef = 5746661227F1B5C700D7B5AD /* ProfilePresenter.swift */; };
		5746661927F1C16600D7B5AD /* ProfileService.swift in Sources */ = {isa = PBXBuildFile; fileRef = 5746661827F1C16600D7B5AD /* ProfileService.swift */; };
		5746661B27F1C18100D7B5AD /* ProfileServiceImpl.swift in Sources */ = {isa = PBXBuildFile; fileRef = 5746661A27F1C18100D7B5AD /* ProfileServiceImpl.swift */; };
		5746661D27F1C19600D7B5AD /* Profile.swift in Sources */ = {isa = PBXBuildFile; fileRef = 5746661C27F1C19600D7B5AD /* Profile.swift */; };
		57D4045C27F45505001AFA49 /* ProjectService.swift in Sources */ = {isa = PBXBuildFile; fileRef = 57D4045B27F45505001AFA49 /* ProjectService.swift */; };
		57D4045E27F4551A001AFA49 /* ProjectServiceImpl.swift in Sources */ = {isa = PBXBuildFile; fileRef = 57D4045D27F4551A001AFA49 /* ProjectServiceImpl.swift */; };
		57D4046027F45851001AFA49 /* Settings.swift in Sources */ = {isa = PBXBuildFile; fileRef = 57D4045F27F45851001AFA49 /* Settings.swift */; };
		57E10B5127CCED96002B9749 /* birthday_tracker_iosApp.swift in Sources */ = {isa = PBXBuildFile; fileRef = 57E10B5027CCED96002B9749 /* birthday_tracker_iosApp.swift */; };
		57E10B5527CCED98002B9749 /* Assets.xcassets in Resources */ = {isa = PBXBuildFile; fileRef = 57E10B5427CCED98002B9749 /* Assets.xcassets */; };
		57E10B5827CCED98002B9749 /* Preview Assets.xcassets in Resources */ = {isa = PBXBuildFile; fileRef = 57E10B5727CCED98002B9749 /* Preview Assets.xcassets */; };
		A836EAF227E33B4D005A4B8F /* EmployeeServiceImpl.swift in Sources */ = {isa = PBXBuildFile; fileRef = A836EAF127E33B4D005A4B8F /* EmployeeServiceImpl.swift */; };
		A836EAF427E33CA8005A4B8F /* NetworkService.swift in Sources */ = {isa = PBXBuildFile; fileRef = A836EAF327E33CA8005A4B8F /* NetworkService.swift */; };
		A836EAF627E33D86005A4B8F /* Employee.swift in Sources */ = {isa = PBXBuildFile; fileRef = A836EAF527E33D86005A4B8F /* Employee.swift */; };
		A836EAF827E35158005A4B8F /* Present.swift in Sources */ = {isa = PBXBuildFile; fileRef = A836EAF727E35158005A4B8F /* Present.swift */; };
		A836EAFA27E35507005A4B8F /* MyNotifications.swift in Sources */ = {isa = PBXBuildFile; fileRef = A836EAF927E35507005A4B8F /* MyNotifications.swift */; };
		A836EAFC27E35695005A4B8F /* Wishlist.swift in Sources */ = {isa = PBXBuildFile; fileRef = A836EAFB27E35695005A4B8F /* Wishlist.swift */; };
/* End PBXBuildFile section */

/* Begin PBXFileReference section */
		1B10BEA42809B70300D3E901 /* MainAssembly.swift */ = {isa = PBXFileReference; lastKnownFileType = sourcecode.swift; path = MainAssembly.swift; sourceTree = "<group>"; };
		5743639B27F3302700B0D9C5 /* AppDelegate.swift */ = {isa = PBXFileReference; lastKnownFileType = sourcecode.swift; path = AppDelegate.swift; sourceTree = "<group>"; };
		5743639F27F33BF200B0D9C5 /* Project.swift */ = {isa = PBXFileReference; lastKnownFileType = sourcecode.swift; path = Project.swift; sourceTree = "<group>"; };
		574665CD27E4A49500D7B5AD /* EmployeeService.swift */ = {isa = PBXFileReference; lastKnownFileType = sourcecode.swift; path = EmployeeService.swift; sourceTree = "<group>"; };
		574665CF27E4A51200D7B5AD /* WishlistService.swift */ = {isa = PBXFileReference; lastKnownFileType = sourcecode.swift; path = WishlistService.swift; sourceTree = "<group>"; };
		574665D127E4A55100D7B5AD /* PresentService.swift */ = {isa = PBXFileReference; lastKnownFileType = sourcecode.swift; path = PresentService.swift; sourceTree = "<group>"; };
		574665D327E4A59B00D7B5AD /* MyNotificationsService.swift */ = {isa = PBXFileReference; lastKnownFileType = sourcecode.swift; path = MyNotificationsService.swift; sourceTree = "<group>"; };
		574665D527E4A5CC00D7B5AD /* AuthService.swift */ = {isa = PBXFileReference; lastKnownFileType = sourcecode.swift; path = AuthService.swift; sourceTree = "<group>"; };
		574665D727E4A6EE00D7B5AD /* WishlistServiceImpl.swift */ = {isa = PBXFileReference; lastKnownFileType = sourcecode.swift; path = WishlistServiceImpl.swift; sourceTree = "<group>"; };
		574665D927E4A73500D7B5AD /* PresentServiceImpl.swift */ = {isa = PBXFileReference; lastKnownFileType = sourcecode.swift; path = PresentServiceImpl.swift; sourceTree = "<group>"; };
		574665DB27E4A75700D7B5AD /* MyNotificationsServiceImpl.swift */ = {isa = PBXFileReference; lastKnownFileType = sourcecode.swift; path = MyNotificationsServiceImpl.swift; sourceTree = "<group>"; };
		574665DD27E4A78500D7B5AD /* AuthServiceImpl.swift */ = {isa = PBXFileReference; lastKnownFileType = sourcecode.swift; path = AuthServiceImpl.swift; sourceTree = "<group>"; };
		574665DF27E4A7DA00D7B5AD /* Auth.swift */ = {isa = PBXFileReference; lastKnownFileType = sourcecode.swift; path = Auth.swift; sourceTree = "<group>"; };
		574665E127E4A82E00D7B5AD /* EmployeePresenter.swift */ = {isa = PBXFileReference; lastKnownFileType = sourcecode.swift; path = EmployeePresenter.swift; sourceTree = "<group>"; };
		574665E327E4A84300D7B5AD /* WishlistPresenter.swift */ = {isa = PBXFileReference; lastKnownFileType = sourcecode.swift; path = WishlistPresenter.swift; sourceTree = "<group>"; };
		574665E527E4A86A00D7B5AD /* PresentPresenter.swift */ = {isa = PBXFileReference; lastKnownFileType = sourcecode.swift; path = PresentPresenter.swift; sourceTree = "<group>"; };
		574665E727E4A8DC00D7B5AD /* MyNotificationsPresenter.swift */ = {isa = PBXFileReference; lastKnownFileType = sourcecode.swift; path = MyNotificationsPresenter.swift; sourceTree = "<group>"; };
		574665E927E4A8F700D7B5AD /* AuthPresenter.swift */ = {isa = PBXFileReference; lastKnownFileType = sourcecode.swift; path = AuthPresenter.swift; sourceTree = "<group>"; };
		574665EB27E4A91900D7B5AD /* EmployeeView.swift */ = {isa = PBXFileReference; lastKnownFileType = sourcecode.swift; path = EmployeeView.swift; sourceTree = "<group>"; };
		574665ED27E4A92F00D7B5AD /* WishlistView.swift */ = {isa = PBXFileReference; lastKnownFileType = sourcecode.swift; path = WishlistView.swift; sourceTree = "<group>"; };
		574665EF27E4A94800D7B5AD /* PresentView.swift */ = {isa = PBXFileReference; lastKnownFileType = sourcecode.swift; path = PresentView.swift; sourceTree = "<group>"; };
		574665F127E4A96A00D7B5AD /* MyNotificationsView.swift */ = {isa = PBXFileReference; lastKnownFileType = sourcecode.swift; path = MyNotificationsView.swift; sourceTree = "<group>"; };
		574665F527E4A99900D7B5AD /* AuthView.swift */ = {isa = PBXFileReference; lastKnownFileType = sourcecode.swift; path = AuthView.swift; sourceTree = "<group>"; };
		5746660E27F1B57E00D7B5AD /* ProfileView.swift */ = {isa = PBXFileReference; lastKnownFileType = sourcecode.swift; path = ProfileView.swift; sourceTree = "<group>"; };
		5746661227F1B5C700D7B5AD /* ProfilePresenter.swift */ = {isa = PBXFileReference; lastKnownFileType = sourcecode.swift; path = ProfilePresenter.swift; sourceTree = "<group>"; };
		5746661827F1C16600D7B5AD /* ProfileService.swift */ = {isa = PBXFileReference; lastKnownFileType = sourcecode.swift; path = ProfileService.swift; sourceTree = "<group>"; };
		5746661A27F1C18100D7B5AD /* ProfileServiceImpl.swift */ = {isa = PBXFileReference; lastKnownFileType = sourcecode.swift; path = ProfileServiceImpl.swift; sourceTree = "<group>"; };
		5746661C27F1C19600D7B5AD /* Profile.swift */ = {isa = PBXFileReference; lastKnownFileType = sourcecode.swift; path = Profile.swift; sourceTree = "<group>"; };
		57D4045B27F45505001AFA49 /* ProjectService.swift */ = {isa = PBXFileReference; lastKnownFileType = sourcecode.swift; path = ProjectService.swift; sourceTree = "<group>"; };
		57D4045D27F4551A001AFA49 /* ProjectServiceImpl.swift */ = {isa = PBXFileReference; lastKnownFileType = sourcecode.swift; path = ProjectServiceImpl.swift; sourceTree = "<group>"; };
		57D4045F27F45851001AFA49 /* Settings.swift */ = {isa = PBXFileReference; lastKnownFileType = sourcecode.swift; path = Settings.swift; sourceTree = "<group>"; };
		57E10B4D27CCED96002B9749 /* birthday-tracker-ios.app */ = {isa = PBXFileReference; explicitFileType = wrapper.application; includeInIndex = 0; path = "birthday-tracker-ios.app"; sourceTree = BUILT_PRODUCTS_DIR; };
		57E10B5027CCED96002B9749 /* birthday_tracker_iosApp.swift */ = {isa = PBXFileReference; lastKnownFileType = sourcecode.swift; path = birthday_tracker_iosApp.swift; sourceTree = "<group>"; };
		57E10B5427CCED98002B9749 /* Assets.xcassets */ = {isa = PBXFileReference; lastKnownFileType = folder.assetcatalog; path = Assets.xcassets; sourceTree = "<group>"; };
		57E10B5727CCED98002B9749 /* Preview Assets.xcassets */ = {isa = PBXFileReference; lastKnownFileType = folder.assetcatalog; path = "Preview Assets.xcassets"; sourceTree = "<group>"; };
		A836EAF127E33B4D005A4B8F /* EmployeeServiceImpl.swift */ = {isa = PBXFileReference; lastKnownFileType = sourcecode.swift; path = EmployeeServiceImpl.swift; sourceTree = "<group>"; };
		A836EAF327E33CA8005A4B8F /* NetworkService.swift */ = {isa = PBXFileReference; lastKnownFileType = sourcecode.swift; path = NetworkService.swift; sourceTree = "<group>"; };
		A836EAF527E33D86005A4B8F /* Employee.swift */ = {isa = PBXFileReference; lastKnownFileType = sourcecode.swift; path = Employee.swift; sourceTree = "<group>"; };
		A836EAF727E35158005A4B8F /* Present.swift */ = {isa = PBXFileReference; lastKnownFileType = sourcecode.swift; path = Present.swift; sourceTree = "<group>"; };
		A836EAF927E35507005A4B8F /* MyNotifications.swift */ = {isa = PBXFileReference; lastKnownFileType = sourcecode.swift; path = MyNotifications.swift; sourceTree = "<group>"; };
		A836EAFB27E35695005A4B8F /* Wishlist.swift */ = {isa = PBXFileReference; lastKnownFileType = sourcecode.swift; path = Wishlist.swift; sourceTree = "<group>"; };
/* End PBXFileReference section */

/* Begin PBXFrameworksBuildPhase section */
		57E10B4A27CCED96002B9749 /* Frameworks */ = {
			isa = PBXFrameworksBuildPhase;
			buildActionMask = 2147483647;
			files = (
			);
			runOnlyForDeploymentPostprocessing = 0;
		};
/* End PBXFrameworksBuildPhase section */

/* Begin PBXGroup section */
		1B10BEA32809B6E500D3E901 /* Assemblies */ = {
			isa = PBXGroup;
			children = (
				1B10BEA42809B70300D3E901 /* MainAssembly.swift */,
			);
			path = Assemblies;
			sourceTree = "<group>";
		};
		5743639D27F33BC700B0D9C5 /* ProjectService */ = {
			isa = PBXGroup;
			children = (
				57D4045D27F4551A001AFA49 /* ProjectServiceImpl.swift */,
				57D4045B27F45505001AFA49 /* ProjectService.swift */,
				5743639E27F33BDF00B0D9C5 /* Model */,
			);
			path = ProjectService;
			sourceTree = "<group>";
		};
		5743639E27F33BDF00B0D9C5 /* Model */ = {
			isa = PBXGroup;
			children = (
				5743639F27F33BF200B0D9C5 /* Project.swift */,
			);
			path = Model;
			sourceTree = "<group>";
		};
		574665F927F1B0CB00D7B5AD /* Resources */ = {
			isa = PBXGroup;
			children = (
				57E10B5427CCED98002B9749 /* Assets.xcassets */,
			);
			path = Resources;
			sourceTree = "<group>";
		};
		574665FA27F1B0D600D7B5AD /* Sources */ = {
			isa = PBXGroup;
			children = (
				574665FD27F1B11700D7B5AD /* UserStories */,
				574665FC27F1B0F500D7B5AD /* Services */,
				574665FB27F1B0EC00D7B5AD /* Networking */,
				5743639B27F3302700B0D9C5 /* AppDelegate.swift */,
			);
			path = Sources;
			sourceTree = "<group>";
		};
		574665FB27F1B0EC00D7B5AD /* Networking */ = {
			isa = PBXGroup;
			children = (
				A836EAF327E33CA8005A4B8F /* NetworkService.swift */,
				57D4045F27F45851001AFA49 /* Settings.swift */,
			);
			path = Networking;
			sourceTree = "<group>";
		};
		574665FC27F1B0F500D7B5AD /* Services */ = {
			isa = PBXGroup;
			children = (
				5743639D27F33BC700B0D9C5 /* ProjectService */,
				5746661627F1C13400D7B5AD /* ProfileService */,
				5746660827F1B3D900D7B5AD /* AuthService */,
				5746660727F1B35800D7B5AD /* MyNotificationsService */,
				5746660327F1B2B100D7B5AD /* PresentService */,
				5746660227F1B29B00D7B5AD /* WishlistService */,
				574665FF27F1B19800D7B5AD /* EmployeeService */,
			);
			path = Services;
			sourceTree = "<group>";
		};
		574665FD27F1B11700D7B5AD /* UserStories */ = {
			isa = PBXGroup;
			children = (
				1B10BEA32809B6E500D3E901 /* Assemblies */,
				5746660D27F1B50400D7B5AD /* Auth */,
				5746660627F1B32500D7B5AD /* MyNotifications */,
				5746660527F1B31100D7B5AD /* Wishlist */,
				5746660427F1B30700D7B5AD /* Present */,
				5746660127F1B21500D7B5AD /* Employee */,
				574665FE27F1B12900D7B5AD /* Profile */,
			);
			path = UserStories;
			sourceTree = "<group>";
		};
		574665FE27F1B12900D7B5AD /* Profile */ = {
			isa = PBXGroup;
			children = (
				5746660E27F1B57E00D7B5AD /* ProfileView.swift */,
				5746661227F1B5C700D7B5AD /* ProfilePresenter.swift */,
			);
			path = Profile;
			sourceTree = "<group>";
		};
		574665FF27F1B19800D7B5AD /* EmployeeService */ = {
			isa = PBXGroup;
			children = (
				A836EAF127E33B4D005A4B8F /* EmployeeServiceImpl.swift */,
				574665CD27E4A49500D7B5AD /* EmployeeService.swift */,
				5746660027F1B1C700D7B5AD /* Model */,
			);
			path = EmployeeService;
			sourceTree = "<group>";
		};
		5746660027F1B1C700D7B5AD /* Model */ = {
			isa = PBXGroup;
			children = (
				A836EAF527E33D86005A4B8F /* Employee.swift */,
			);
			path = Model;
			sourceTree = "<group>";
		};
		5746660127F1B21500D7B5AD /* Employee */ = {
			isa = PBXGroup;
			children = (
				574665E127E4A82E00D7B5AD /* EmployeePresenter.swift */,
				574665EB27E4A91900D7B5AD /* EmployeeView.swift */,
			);
			path = Employee;
			sourceTree = "<group>";
		};
		5746660227F1B29B00D7B5AD /* WishlistService */ = {
			isa = PBXGroup;
			children = (
				574665D727E4A6EE00D7B5AD /* WishlistServiceImpl.swift */,
				574665CF27E4A51200D7B5AD /* WishlistService.swift */,
				5746660C27F1B40900D7B5AD /* Model */,
			);
			path = WishlistService;
			sourceTree = "<group>";
		};
		5746660327F1B2B100D7B5AD /* PresentService */ = {
			isa = PBXGroup;
			children = (
				574665D927E4A73500D7B5AD /* PresentServiceImpl.swift */,
				574665D127E4A55100D7B5AD /* PresentService.swift */,
				5746660B27F1B40200D7B5AD /* Model */,
			);
			path = PresentService;
			sourceTree = "<group>";
		};
		5746660427F1B30700D7B5AD /* Present */ = {
			isa = PBXGroup;
			children = (
				574665EF27E4A94800D7B5AD /* PresentView.swift */,
				574665E527E4A86A00D7B5AD /* PresentPresenter.swift */,
			);
			path = Present;
			sourceTree = "<group>";
		};
		5746660527F1B31100D7B5AD /* Wishlist */ = {
			isa = PBXGroup;
			children = (
				574665E327E4A84300D7B5AD /* WishlistPresenter.swift */,
				574665ED27E4A92F00D7B5AD /* WishlistView.swift */,
			);
			path = Wishlist;
			sourceTree = "<group>";
		};
		5746660627F1B32500D7B5AD /* MyNotifications */ = {
			isa = PBXGroup;
			children = (
				574665E727E4A8DC00D7B5AD /* MyNotificationsPresenter.swift */,
				574665F127E4A96A00D7B5AD /* MyNotificationsView.swift */,
			);
			path = MyNotifications;
			sourceTree = "<group>";
		};
		5746660727F1B35800D7B5AD /* MyNotificationsService */ = {
			isa = PBXGroup;
			children = (
				574665DB27E4A75700D7B5AD /* MyNotificationsServiceImpl.swift */,
				574665D327E4A59B00D7B5AD /* MyNotificationsService.swift */,
				5746660A27F1B3F800D7B5AD /* Model */,
			);
			path = MyNotificationsService;
			sourceTree = "<group>";
		};
		5746660827F1B3D900D7B5AD /* AuthService */ = {
			isa = PBXGroup;
			children = (
				574665DD27E4A78500D7B5AD /* AuthServiceImpl.swift */,
				574665D527E4A5CC00D7B5AD /* AuthService.swift */,
				5746660927F1B3F100D7B5AD /* Model */,
			);
			path = AuthService;
			sourceTree = "<group>";
		};
		5746660927F1B3F100D7B5AD /* Model */ = {
			isa = PBXGroup;
			children = (
				574665DF27E4A7DA00D7B5AD /* Auth.swift */,
			);
			path = Model;
			sourceTree = "<group>";
		};
		5746660A27F1B3F800D7B5AD /* Model */ = {
			isa = PBXGroup;
			children = (
				A836EAF927E35507005A4B8F /* MyNotifications.swift */,
			);
			path = Model;
			sourceTree = "<group>";
		};
		5746660B27F1B40200D7B5AD /* Model */ = {
			isa = PBXGroup;
			children = (
				A836EAF727E35158005A4B8F /* Present.swift */,
			);
			path = Model;
			sourceTree = "<group>";
		};
		5746660C27F1B40900D7B5AD /* Model */ = {
			isa = PBXGroup;
			children = (
				A836EAFB27E35695005A4B8F /* Wishlist.swift */,
			);
			path = Model;
			sourceTree = "<group>";
		};
		5746660D27F1B50400D7B5AD /* Auth */ = {
			isa = PBXGroup;
			children = (
				574665E927E4A8F700D7B5AD /* AuthPresenter.swift */,
				574665F527E4A99900D7B5AD /* AuthView.swift */,
			);
			path = Auth;
			sourceTree = "<group>";
		};
		5746661627F1C13400D7B5AD /* ProfileService */ = {
			isa = PBXGroup;
			children = (
				5746661A27F1C18100D7B5AD /* ProfileServiceImpl.swift */,
				5746661827F1C16600D7B5AD /* ProfileService.swift */,
				5746661727F1C14400D7B5AD /* Model */,
			);
			path = ProfileService;
			sourceTree = "<group>";
		};
		5746661727F1C14400D7B5AD /* Model */ = {
			isa = PBXGroup;
			children = (
				5746661C27F1C19600D7B5AD /* Profile.swift */,
			);
			path = Model;
			sourceTree = "<group>";
		};
		57E10B4427CCED96002B9749 = {
			isa = PBXGroup;
			children = (
				57E10B4F27CCED96002B9749 /* birthday-tracker-ios */,
				57E10B4E27CCED96002B9749 /* Products */,
			);
			sourceTree = "<group>";
		};
		57E10B4E27CCED96002B9749 /* Products */ = {
			isa = PBXGroup;
			children = (
				57E10B4D27CCED96002B9749 /* birthday-tracker-ios.app */,
			);
			name = Products;
			sourceTree = "<group>";
		};
		57E10B4F27CCED96002B9749 /* birthday-tracker-ios */ = {
			isa = PBXGroup;
			children = (
				574665F927F1B0CB00D7B5AD /* Resources */,
				574665FA27F1B0D600D7B5AD /* Sources */,
				57E10B5027CCED96002B9749 /* birthday_tracker_iosApp.swift */,
				57E10B5627CCED98002B9749 /* Preview Content */,
			);
			path = "birthday-tracker-ios";
			sourceTree = "<group>";
		};
		57E10B5627CCED98002B9749 /* Preview Content */ = {
			isa = PBXGroup;
			children = (
				57E10B5727CCED98002B9749 /* Preview Assets.xcassets */,
			);
			path = "Preview Content";
			sourceTree = "<group>";
		};
/* End PBXGroup section */

/* Begin PBXNativeTarget section */
		57E10B4C27CCED96002B9749 /* birthday-tracker-ios */ = {
			isa = PBXNativeTarget;
			buildConfigurationList = 57E10B5B27CCED98002B9749 /* Build configuration list for PBXNativeTarget "birthday-tracker-ios" */;
			buildPhases = (
				57E10B4927CCED96002B9749 /* Sources */,
				57E10B4A27CCED96002B9749 /* Frameworks */,
				57E10B4B27CCED96002B9749 /* Resources */,
			);
			buildRules = (
			);
			dependencies = (
			);
			name = "birthday-tracker-ios";
			productName = "birthday-tracker-ios";
			productReference = 57E10B4D27CCED96002B9749 /* birthday-tracker-ios.app */;
			productType = "com.apple.product-type.application";
		};
/* End PBXNativeTarget section */

/* Begin PBXProject section */
		57E10B4527CCED96002B9749 /* Project object */ = {
			isa = PBXProject;
			attributes = {
				BuildIndependentTargetsInParallel = 1;
				LastSwiftUpdateCheck = 1320;
				LastUpgradeCheck = 1320;
				TargetAttributes = {
					57E10B4C27CCED96002B9749 = {
						CreatedOnToolsVersion = 13.2.1;
					};
				};
			};
			buildConfigurationList = 57E10B4827CCED96002B9749 /* Build configuration list for PBXProject "birthday-tracker-ios" */;
			compatibilityVersion = "Xcode 13.0";
			developmentRegion = en;
			hasScannedForEncodings = 0;
			knownRegions = (
				en,
				Base,
			);
			mainGroup = 57E10B4427CCED96002B9749;
			productRefGroup = 57E10B4E27CCED96002B9749 /* Products */;
			projectDirPath = "";
			projectRoot = "";
			targets = (
				57E10B4C27CCED96002B9749 /* birthday-tracker-ios */,
			);
		};
/* End PBXProject section */

/* Begin PBXResourcesBuildPhase section */
		57E10B4B27CCED96002B9749 /* Resources */ = {
			isa = PBXResourcesBuildPhase;
			buildActionMask = 2147483647;
			files = (
				57E10B5827CCED98002B9749 /* Preview Assets.xcassets in Resources */,
				57E10B5527CCED98002B9749 /* Assets.xcassets in Resources */,
			);
			runOnlyForDeploymentPostprocessing = 0;
		};
/* End PBXResourcesBuildPhase section */

/* Begin PBXSourcesBuildPhase section */
		57E10B4927CCED96002B9749 /* Sources */ = {
			isa = PBXSourcesBuildPhase;
			buildActionMask = 2147483647;
			files = (
				5743639C27F3302700B0D9C5 /* AppDelegate.swift in Sources */,
				574665F227E4A96A00D7B5AD /* MyNotificationsView.swift in Sources */,
				574665F027E4A94800D7B5AD /* PresentView.swift in Sources */,
				574665E427E4A84300D7B5AD /* WishlistPresenter.swift in Sources */,
				574665E227E4A82E00D7B5AD /* EmployeePresenter.swift in Sources */,
				574665DC27E4A75700D7B5AD /* MyNotificationsServiceImpl.swift in Sources */,
				574665E827E4A8DC00D7B5AD /* MyNotificationsPresenter.swift in Sources */,
				574665D027E4A51200D7B5AD /* WishlistService.swift in Sources */,
				A836EAFC27E35695005A4B8F /* Wishlist.swift in Sources */,
				574665E027E4A7DA00D7B5AD /* Auth.swift in Sources */,
				5746661B27F1C18100D7B5AD /* ProfileServiceImpl.swift in Sources */,
				57D4046027F45851001AFA49 /* Settings.swift in Sources */,
				574665E627E4A86A00D7B5AD /* PresentPresenter.swift in Sources */,
				574665D427E4A59B00D7B5AD /* MyNotificationsService.swift in Sources */,
				1B10BEA52809B70300D3E901 /* MainAssembly.swift in Sources */,
				574665CE27E4A49500D7B5AD /* EmployeeService.swift in Sources */,
				5746660F27F1B57E00D7B5AD /* ProfileView.swift in Sources */,
				57D4045C27F45505001AFA49 /* ProjectService.swift in Sources */,
				A836EAF827E35158005A4B8F /* Present.swift in Sources */,
				57D4045E27F4551A001AFA49 /* ProjectServiceImpl.swift in Sources */,
				574665F627E4A99900D7B5AD /* AuthView.swift in Sources */,
				574665D627E4A5CC00D7B5AD /* AuthService.swift in Sources */,
				574665EE27E4A92F00D7B5AD /* WishlistView.swift in Sources */,
				A836EAFA27E35507005A4B8F /* MyNotifications.swift in Sources */,
				574665EA27E4A8F700D7B5AD /* AuthPresenter.swift in Sources */,
				A836EAF227E33B4D005A4B8F /* EmployeeServiceImpl.swift in Sources */,
				574665EC27E4A91900D7B5AD /* EmployeeView.swift in Sources */,
				5746661327F1B5C700D7B5AD /* ProfilePresenter.swift in Sources */,
				574665DA27E4A73500D7B5AD /* PresentServiceImpl.swift in Sources */,
				574665D227E4A55100D7B5AD /* PresentService.swift in Sources */,
				5746661D27F1C19600D7B5AD /* Profile.swift in Sources */,
				574665DE27E4A78500D7B5AD /* AuthServiceImpl.swift in Sources */,
				A836EAF427E33CA8005A4B8F /* NetworkService.swift in Sources */,
				A836EAF627E33D86005A4B8F /* Employee.swift in Sources */,
				574665D827E4A6EE00D7B5AD /* WishlistServiceImpl.swift in Sources */,
				574363A027F33BF200B0D9C5 /* Project.swift in Sources */,
				57E10B5127CCED96002B9749 /* birthday_tracker_iosApp.swift in Sources */,
				5746661927F1C16600D7B5AD /* ProfileService.swift in Sources */,
			);
			runOnlyForDeploymentPostprocessing = 0;
		};
/* End PBXSourcesBuildPhase section */

/* Begin XCBuildConfiguration section */
		57E10B5927CCED98002B9749 /* Debug */ = {
			isa = XCBuildConfiguration;
			buildSettings = {
				ALWAYS_SEARCH_USER_PATHS = NO;
				CLANG_ANALYZER_NONNULL = YES;
				CLANG_ANALYZER_NUMBER_OBJECT_CONVERSION = YES_AGGRESSIVE;
				CLANG_CXX_LANGUAGE_STANDARD = "gnu++17";
				CLANG_CXX_LIBRARY = "libc++";
				CLANG_ENABLE_MODULES = YES;
				CLANG_ENABLE_OBJC_ARC = YES;
				CLANG_ENABLE_OBJC_WEAK = YES;
				CLANG_WARN_BLOCK_CAPTURE_AUTORELEASING = YES;
				CLANG_WARN_BOOL_CONVERSION = YES;
				CLANG_WARN_COMMA = YES;
				CLANG_WARN_CONSTANT_CONVERSION = YES;
				CLANG_WARN_DEPRECATED_OBJC_IMPLEMENTATIONS = YES;
				CLANG_WARN_DIRECT_OBJC_ISA_USAGE = YES_ERROR;
				CLANG_WARN_DOCUMENTATION_COMMENTS = YES;
				CLANG_WARN_EMPTY_BODY = YES;
				CLANG_WARN_ENUM_CONVERSION = YES;
				CLANG_WARN_INFINITE_RECURSION = YES;
				CLANG_WARN_INT_CONVERSION = YES;
				CLANG_WARN_NON_LITERAL_NULL_CONVERSION = YES;
				CLANG_WARN_OBJC_IMPLICIT_RETAIN_SELF = YES;
				CLANG_WARN_OBJC_LITERAL_CONVERSION = YES;
				CLANG_WARN_OBJC_ROOT_CLASS = YES_ERROR;
				CLANG_WARN_QUOTED_INCLUDE_IN_FRAMEWORK_HEADER = YES;
				CLANG_WARN_RANGE_LOOP_ANALYSIS = YES;
				CLANG_WARN_STRICT_PROTOTYPES = YES;
				CLANG_WARN_SUSPICIOUS_MOVE = YES;
				CLANG_WARN_UNGUARDED_AVAILABILITY = YES_AGGRESSIVE;
				CLANG_WARN_UNREACHABLE_CODE = YES;
				CLANG_WARN__DUPLICATE_METHOD_MATCH = YES;
				COPY_PHASE_STRIP = NO;
				DEBUG_INFORMATION_FORMAT = dwarf;
				ENABLE_STRICT_OBJC_MSGSEND = YES;
				ENABLE_TESTABILITY = YES;
				GCC_C_LANGUAGE_STANDARD = gnu11;
				GCC_DYNAMIC_NO_PIC = NO;
				GCC_NO_COMMON_BLOCKS = YES;
				GCC_OPTIMIZATION_LEVEL = 0;
				GCC_PREPROCESSOR_DEFINITIONS = (
					"DEBUG=1",
					"$(inherited)",
				);
				GCC_WARN_64_TO_32_BIT_CONVERSION = YES;
				GCC_WARN_ABOUT_RETURN_TYPE = YES_ERROR;
				GCC_WARN_UNDECLARED_SELECTOR = YES;
				GCC_WARN_UNINITIALIZED_AUTOS = YES_AGGRESSIVE;
				GCC_WARN_UNUSED_FUNCTION = YES;
				GCC_WARN_UNUSED_VARIABLE = YES;
				IPHONEOS_DEPLOYMENT_TARGET = 15.2;
				MTL_ENABLE_DEBUG_INFO = INCLUDE_SOURCE;
				MTL_FAST_MATH = YES;
				ONLY_ACTIVE_ARCH = YES;
				SDKROOT = iphoneos;
				SWIFT_ACTIVE_COMPILATION_CONDITIONS = DEBUG;
				SWIFT_OPTIMIZATION_LEVEL = "-Onone";
			};
			name = Debug;
		};
		57E10B5A27CCED98002B9749 /* Release */ = {
			isa = XCBuildConfiguration;
			buildSettings = {
				ALWAYS_SEARCH_USER_PATHS = NO;
				CLANG_ANALYZER_NONNULL = YES;
				CLANG_ANALYZER_NUMBER_OBJECT_CONVERSION = YES_AGGRESSIVE;
				CLANG_CXX_LANGUAGE_STANDARD = "gnu++17";
				CLANG_CXX_LIBRARY = "libc++";
				CLANG_ENABLE_MODULES = YES;
				CLANG_ENABLE_OBJC_ARC = YES;
				CLANG_ENABLE_OBJC_WEAK = YES;
				CLANG_WARN_BLOCK_CAPTURE_AUTORELEASING = YES;
				CLANG_WARN_BOOL_CONVERSION = YES;
				CLANG_WARN_COMMA = YES;
				CLANG_WARN_CONSTANT_CONVERSION = YES;
				CLANG_WARN_DEPRECATED_OBJC_IMPLEMENTATIONS = YES;
				CLANG_WARN_DIRECT_OBJC_ISA_USAGE = YES_ERROR;
				CLANG_WARN_DOCUMENTATION_COMMENTS = YES;
				CLANG_WARN_EMPTY_BODY = YES;
				CLANG_WARN_ENUM_CONVERSION = YES;
				CLANG_WARN_INFINITE_RECURSION = YES;
				CLANG_WARN_INT_CONVERSION = YES;
				CLANG_WARN_NON_LITERAL_NULL_CONVERSION = YES;
				CLANG_WARN_OBJC_IMPLICIT_RETAIN_SELF = YES;
				CLANG_WARN_OBJC_LITERAL_CONVERSION = YES;
				CLANG_WARN_OBJC_ROOT_CLASS = YES_ERROR;
				CLANG_WARN_QUOTED_INCLUDE_IN_FRAMEWORK_HEADER = YES;
				CLANG_WARN_RANGE_LOOP_ANALYSIS = YES;
				CLANG_WARN_STRICT_PROTOTYPES = YES;
				CLANG_WARN_SUSPICIOUS_MOVE = YES;
				CLANG_WARN_UNGUARDED_AVAILABILITY = YES_AGGRESSIVE;
				CLANG_WARN_UNREACHABLE_CODE = YES;
				CLANG_WARN__DUPLICATE_METHOD_MATCH = YES;
				COPY_PHASE_STRIP = NO;
				DEBUG_INFORMATION_FORMAT = "dwarf-with-dsym";
				ENABLE_NS_ASSERTIONS = NO;
				ENABLE_STRICT_OBJC_MSGSEND = YES;
				GCC_C_LANGUAGE_STANDARD = gnu11;
				GCC_NO_COMMON_BLOCKS = YES;
				GCC_WARN_64_TO_32_BIT_CONVERSION = YES;
				GCC_WARN_ABOUT_RETURN_TYPE = YES_ERROR;
				GCC_WARN_UNDECLARED_SELECTOR = YES;
				GCC_WARN_UNINITIALIZED_AUTOS = YES_AGGRESSIVE;
				GCC_WARN_UNUSED_FUNCTION = YES;
				GCC_WARN_UNUSED_VARIABLE = YES;
				IPHONEOS_DEPLOYMENT_TARGET = 15.2;
				MTL_ENABLE_DEBUG_INFO = NO;
				MTL_FAST_MATH = YES;
				SDKROOT = iphoneos;
				SWIFT_COMPILATION_MODE = wholemodule;
				SWIFT_OPTIMIZATION_LEVEL = "-O";
				VALIDATE_PRODUCT = YES;
			};
			name = Release;
		};
		57E10B5C27CCED98002B9749 /* Debug */ = {
			isa = XCBuildConfiguration;
			buildSettings = {
				ASSETCATALOG_COMPILER_APPICON_NAME = AppIcon;
				ASSETCATALOG_COMPILER_GLOBAL_ACCENT_COLOR_NAME = AccentColor;
				CODE_SIGN_STYLE = Automatic;
				CURRENT_PROJECT_VERSION = 1;
				DEVELOPMENT_ASSET_PATHS = "\"birthday-tracker-ios/Preview Content\"";
				ENABLE_PREVIEWS = YES;
				GENERATE_INFOPLIST_FILE = YES;
				INFOPLIST_KEY_UIApplicationSceneManifest_Generation = YES;
				INFOPLIST_KEY_UIApplicationSupportsIndirectInputEvents = YES;
				INFOPLIST_KEY_UILaunchScreen_Generation = YES;
				INFOPLIST_KEY_UISupportedInterfaceOrientations = UIInterfaceOrientationPortrait;
				INFOPLIST_KEY_UISupportedInterfaceOrientations_iPad = "UIInterfaceOrientationPortrait UIInterfaceOrientationPortraitUpsideDown UIInterfaceOrientationLandscapeLeft UIInterfaceOrientationLandscapeRight";
				INFOPLIST_KEY_UISupportedInterfaceOrientations_iPhone = "UIInterfaceOrientationPortrait UIInterfaceOrientationLandscapeLeft UIInterfaceOrientationLandscapeRight";
				LD_RUNPATH_SEARCH_PATHS = (
					"$(inherited)",
					"@executable_path/Frameworks",
				);
				MARKETING_VERSION = 1.0;
				PRODUCT_BUNDLE_IDENTIFIER = "idlexar.birthday-tracker-ios";
				PRODUCT_NAME = "$(TARGET_NAME)";
				SWIFT_EMIT_LOC_STRINGS = YES;
				SWIFT_VERSION = 5.0;
				TARGETED_DEVICE_FAMILY = 1;
			};
			name = Debug;
		};
		57E10B5D27CCED98002B9749 /* Release */ = {
			isa = XCBuildConfiguration;
			buildSettings = {
				ASSETCATALOG_COMPILER_APPICON_NAME = AppIcon;
				ASSETCATALOG_COMPILER_GLOBAL_ACCENT_COLOR_NAME = AccentColor;
				CODE_SIGN_STYLE = Automatic;
				CURRENT_PROJECT_VERSION = 1;
				DEVELOPMENT_ASSET_PATHS = "\"birthday-tracker-ios/Preview Content\"";
				ENABLE_PREVIEWS = YES;
				GENERATE_INFOPLIST_FILE = YES;
				INFOPLIST_KEY_UIApplicationSceneManifest_Generation = YES;
				INFOPLIST_KEY_UIApplicationSupportsIndirectInputEvents = YES;
				INFOPLIST_KEY_UILaunchScreen_Generation = YES;
				INFOPLIST_KEY_UISupportedInterfaceOrientations = UIInterfaceOrientationPortrait;
				INFOPLIST_KEY_UISupportedInterfaceOrientations_iPad = "UIInterfaceOrientationPortrait UIInterfaceOrientationPortraitUpsideDown UIInterfaceOrientationLandscapeLeft UIInterfaceOrientationLandscapeRight";
				INFOPLIST_KEY_UISupportedInterfaceOrientations_iPhone = "UIInterfaceOrientationPortrait UIInterfaceOrientationLandscapeLeft UIInterfaceOrientationLandscapeRight";
				LD_RUNPATH_SEARCH_PATHS = (
					"$(inherited)",
					"@executable_path/Frameworks",
				);
				MARKETING_VERSION = 1.0;
				PRODUCT_BUNDLE_IDENTIFIER = "idlexar.birthday-tracker-ios";
				PRODUCT_NAME = "$(TARGET_NAME)";
				SWIFT_EMIT_LOC_STRINGS = YES;
				SWIFT_VERSION = 5.0;
				TARGETED_DEVICE_FAMILY = 1;
			};
			name = Release;
		};
/* End XCBuildConfiguration section */

/* Begin XCConfigurationList section */
		57E10B4827CCED96002B9749 /* Build configuration list for PBXProject "birthday-tracker-ios" */ = {
			isa = XCConfigurationList;
			buildConfigurations = (
				57E10B5927CCED98002B9749 /* Debug */,
				57E10B5A27CCED98002B9749 /* Release */,
			);
			defaultConfigurationIsVisible = 0;
			defaultConfigurationName = Release;
		};
		57E10B5B27CCED98002B9749 /* Build configuration list for PBXNativeTarget "birthday-tracker-ios" */ = {
			isa = XCConfigurationList;
			buildConfigurations = (
				57E10B5C27CCED98002B9749 /* Debug */,
				57E10B5D27CCED98002B9749 /* Release */,
			);
			defaultConfigurationIsVisible = 0;
			defaultConfigurationName = Release;
		};
/* End XCConfigurationList section */
	};
	rootObject = 57E10B4527CCED96002B9749 /* Project object */;
}
